
Microsoft Visual Studio Solution File, Format Version 12.00
# Visual Studio Version 16
VisualStudioVersion = 16.0.29806.167
MinimumVisualStudioVersion = 10.0.40219.1
Project("{9A19103F-16F7-4668-BE54-9A1E7A4F7556}") = "FuzzyNameMatch", "FuzzyNameMatch\FuzzyNameMatch.csproj", "{97207391-0159-482F-B935-58B526E0A28B}"
EndProject
Project("{FAE04EC0-301F-11D3-BF4B-00C04F79EFBC}") = "CsvDemo", "CsvDemo\CsvDemo.csproj", "{BD5CFCAF-6ABA-4B64-91AC-6791D322CF07}"
EndProject
Global
	GlobalSection(SolutionConfigurationPlatforms) = preSolution
		Debug|Any CPU = Debug|Any CPU
		Release|Any CPU = Release|Any CPU
	EndGlobalSection
	GlobalSection(ProjectConfigurationPlatforms) = postSolution
		{97207391-0159-482F-B935-58B526E0A28B}.Debug|Any CPU.ActiveCfg = Debug|Any CPU
		{97207391-0159-482F-B935-58B526E0A28B}.Debug|Any CPU.Build.0 = Debug|Any CPU
		{97207391-0159-482F-B935-58B526E0A28B}.Release|Any CPU.ActiveCfg = Release|Any CPU
		{97207391-0159-482F-B935-58B526E0A28B}.Release|Any CPU.Build.0 = Release|Any CPU
		{BD5CFCAF-6ABA-4B64-91AC-6791D322CF07}.Debug|Any CPU.ActiveCfg = Debug|Any CPU
		{BD5CFCAF-6ABA-4B64-91AC-6791D322CF07}.Debug|Any CPU.Build.0 = Debug|Any CPU
		{BD5CFCAF-6ABA-4B64-91AC-6791D322CF07}.Release|Any CPU.ActiveCfg = Release|Any CPU
		{BD5CFCAF-6ABA-4B64-91AC-6791D322CF07}.Release|Any CPU.Build.0 = Release|Any CPU
	EndGlobalSection
	GlobalSection(SolutionProperties) = preSolution
		HideSolutionNode = FALSE
	EndGlobalSection
	GlobalSection(ExtensibilityGlobals) = postSolution
		SolutionGuid = {E178A49E-0713-493F-899E-39373FA12165}
	EndGlobalSection
EndGlobal
